Microsoft Visual Studio Solution File, Format Version 12.00
# Visual Studio 2012
Project("{FAE04EC0-301F-11D3-BF4B-00C04F79EFBC}") = "Lesson 6- Dodge The Creeps", "Lesson 6- Dodge The Creeps.csproj", "{9E19FAE0-6715-4086-A519-4D2FD3FB9395}"
EndProject
Global
	GlobalSection(SolutionConfigurationPlatforms) = preSolution
	Debug|Any CPU = Debug|Any CPU
	ExportDebug|Any CPU = ExportDebug|Any CPU
	ExportRelease|Any CPU = ExportRelease|Any CPU
	EndGlobalSection
	GlobalSection(ProjectConfigurationPlatforms) = postSolution
		{9E19FAE0-6715-4086-A519-4D2FD3FB9395}.Debug|Any CPU.ActiveCfg = Debug|Any CPU
		{9E19FAE0-6715-4086-A519-4D2FD3FB9395}.Debug|Any CPU.Build.0 = Debug|Any CPU
		{9E19FAE0-6715-4086-A519-4D2FD3FB9395}.ExportDebug|Any CPU.ActiveCfg = ExportDebug|Any CPU
		{9E19FAE0-6715-4086-A519-4D2FD3FB9395}.ExportDebug|Any CPU.Build.0 = ExportDebug|Any CPU
		{9E19FAE0-6715-4086-A519-4D2FD3FB9395}.ExportRelease|Any CPU.ActiveCfg = ExportRelease|Any CPU
		{9E19FAE0-6715-4086-A519-4D2FD3FB9395}.ExportRelease|Any CPU.Build.0 = ExportRelease|Any CPU
	EndGlobalSection
EndGlobal
